
Microsoft Visual Studio Solution File, Format Version 12.00
# Visual Studio Version 17
VisualStudioVersion = 17.9.34728.123
MinimumVisualStudioVersion = 10.0.40219.1
Project("{FAE04EC0-301F-11D3-BF4B-00C04F79EFBC}") = "Web", "Web\Web.csproj", "{2F802A93-2433-4FC7-B872-7BEA68535465}"
EndProject
Global
	GlobalSection(SolutionConfigurationPlatforms) = preSolution
		Debug|Any CPU = Debug|Any CPU
		Release|Any CPU = Release|Any CPU
	EndGlobalSection
	GlobalSection(ProjectConfigurationPlatforms) = postSolution
		{2F802A93-2433-4FC7-B872-7BEA68535465}.Debug|Any CPU.ActiveCfg = Debug|Any CPU
		{2F802A93-2433-4FC7-B872-7BEA68535465}.Debug|Any CPU.Build.0 = Debug|Any CPU
		{2F802A93-2433-4FC7-B872-7BEA68535465}.Release|Any CPU.ActiveCfg = Release|Any CPU
		{2F802A93-2433-4FC7-B872-7BEA68535465}.Release|Any CPU.Build.0 = Release|Any CPU
	EndGlobalSection
	GlobalSection(SolutionProperties) = preSolution
		HideSolutionNode = FALSE
	EndGlobalSection
	GlobalSection(ExtensibilityGlobals) = postSolution
		SolutionGuid = {C515F6BE-43DA-45AA-B55D-08AA5DEF59F2}
	EndGlobalSection
EndGlobal
